
Microsoft Visual Studio Solution File, Format Version 12.00
# Visual Studio Version 17
VisualStudioVersion = 17.2.32616.157
MinimumVisualStudioVersion = 10.0.40219.1
Project("{9A19103F-16F7-4668-BE54-9A1E7A4F7556}") = "Blazor-E-Commerce", "Blazor-E-Commerce\Blazor-E-Commerce.csproj", "{1777B4F6-0203-4A15-97E1-F5A6A2E05630}"
EndProject
Project("{9A19103F-16F7-4668-BE54-9A1E7A4F7556}") = "Blazor-E-Commerce.CoreBusiness", "Blazor-E-Commerce.CoreBusiness\Blazor-E-Commerce.CoreBusiness.csproj", "{EFF2CF75-0345-49CE-8CEF-3DFC188E053D}"
EndProject
Project("{9A19103F-16F7-4668-BE54-9A1E7A4F7556}") = "Blazor-E-Commerce.UseCases", "Blazor-E-Commerce.UseCases\Blazor-E-Commerce.UseCases.csproj", "{57CBDF1E-F028-4F2C-BB8E-3B6322D45A76}"
EndProject
Project("{2150E333-8FDC-42A3-9474-1A3956D46DE8}") = "Blazor-E-Commerce.Web.Modules", "Blazor-E-Commerce.Web.Modules", "{707E5F29-FEB2-46A5-99B8-A596989EF465}"
EndProject
Project("{9A19103F-16F7-4668-BE54-9A1E7A4F7556}") = "Blazor-E-Commerce.Web.Common", "Blazor-E-Commerce.Web.Common\Blazor-E-Commerce.Web.Common.csproj", "{7D69F4A2-CCE4-4612-A398-6778C522AFA8}"
EndProject
Project("{9A19103F-16F7-4668-BE54-9A1E7A4F7556}") = "Blazor-E-Commerce.Web.AdminPortal", "Blazor-E-Commerce.Web.AdminPortal\Blazor-E-Commerce.Web.AdminPortal.csproj", "{3B04658F-2715-48EB-96B3-0A9D7328EF9A}"
EndProject
Project("{9A19103F-16F7-4668-BE54-9A1E7A4F7556}") = "Blazor-E-Commerce.Web.CustomerPortal", "Blazor-E-Commerce.Web.CustomerPortal\Blazor-E-Commerce.Web.CustomerPortal.csproj", "{632F0D1C-18FD-4B5B-8C02-A2192AE67C2B}"
EndProject
Project("{2150E333-8FDC-42A3-9474-1A3956D46DE8}") = "Plugins", "Plugins", "{6372418C-2AF9-4B12-8E00-4E9687A5160C}"
EndProject
Project("{9A19103F-16F7-4668-BE54-9A1E7A4F7556}") = "Blazor_E_Commerce.DataStore.HardCoded", "Plugins\Blazor_E_Commerce.DataStore.HardCoded\Blazor_E_Commerce.DataStore.HardCoded.csproj", "{603BD5DB-F71D-4F12-A23D-63D864597AB8}"
EndProject
Project("{9A19103F-16F7-4668-BE54-9A1E7A4F7556}") = "Blazor_E_Commerce.ShoppingCard.LocalStorage", "Plugins\Blazor_E_Commerce.ShoppingCard.LocalStorage\Blazor_E_Commerce.ShoppingCard.LocalStorage.csproj", "{F7E91DCE-08EB-4433-92DB-227D6898D82D}"
EndProject
Project("{9A19103F-16F7-4668-BE54-9A1E7A4F7556}") = "Blazor-E-Commerce.StateStore.DI", "..\..\..\Desktop\Blazor-E-Commerce.StateStore.DI\Blazor-E-Commerce.StateStore.DI.csproj", "{436BBBC8-E370-41A8-A382-0872277CEEEA}"
EndProject
Global
	GlobalSection(SolutionConfigurationPlatforms) = preSolution
		Debug|Any CPU = Debug|Any CPU
		Release|Any CPU = Release|Any CPU
	EndGlobalSection
	GlobalSection(ProjectConfigurationPlatforms) = postSolution
		{1777B4F6-0203-4A15-97E1-F5A6A2E05630}.Debug|Any CPU.ActiveCfg = Debug|Any CPU
		{1777B4F6-0203-4A15-97E1-F5A6A2E05630}.Debug|Any CPU.Build.0 = Debug|Any CPU
		{1777B4F6-0203-4A15-97E1-F5A6A2E05630}.Release|Any CPU.ActiveCfg = Release|Any CPU
		{1777B4F6-0203-4A15-97E1-F5A6A2E05630}.Release|Any CPU.Build.0 = Release|Any CPU
		{EFF2CF75-0345-49CE-8CEF-3DFC188E053D}.Debug|Any CPU.ActiveCfg = Debug|Any CPU
		{EFF2CF75-0345-49CE-8CEF-3DFC188E053D}.Debug|Any CPU.Build.0 = Debug|Any CPU
		{EFF2CF75-0345-49CE-8CEF-3DFC188E053D}.Release|Any CPU.ActiveCfg = Release|Any CPU
		{EFF2CF75-0345-49CE-8CEF-3DFC188E053D}.Release|Any CPU.Build.0 = Release|Any CPU
		{57CBDF1E-F028-4F2C-BB8E-3B6322D45A76}.Debug|Any CPU.ActiveCfg = Debug|Any CPU
		{57CBDF1E-F028-4F2C-BB8E-3B6322D45A76}.Debug|Any CPU.Build.0 = Debug|Any CPU
		{57CBDF1E-F028-4F2C-BB8E-3B6322D45A76}.Release|Any CPU.ActiveCfg = Release|Any CPU
		{57CBDF1E-F028-4F2C-BB8E-3B6322D45A76}.Release|Any CPU.Build.0 = Release|Any CPU
		{7D69F4A2-CCE4-4612-A398-6778C522AFA8}.Debug|Any CPU.ActiveCfg = Debug|Any CPU
		{7D69F4A2-CCE4-4612-A398-6778C522AFA8}.Debug|Any CPU.Build.0 = Debug|Any CPU
		{7D69F4A2-CCE4-4612-A398-6778C522AFA8}.Release|Any CPU.ActiveCfg = Release|Any CPU
		{7D69F4A2-CCE4-4612-A398-6778C522AFA8}.Release|Any CPU.Build.0 = Release|Any CPU
		{3B04658F-2715-48EB-96B3-0A9D7328EF9A}.Debug|Any CPU.ActiveCfg = Debug|Any CPU
		{3B04658F-2715-48EB-96B3-0A9D7328EF9A}.Debug|Any CPU.Build.0 = Debug|Any CPU
		{3B04658F-2715-48EB-96B3-0A9D7328EF9A}.Release|Any CPU.ActiveCfg = Release|Any CPU
		{3B04658F-2715-48EB-96B3-0A9D7328EF9A}.Release|Any CPU.Build.0 = Release|Any CPU
		{632F0D1C-18FD-4B5B-8C02-A2192AE67C2B}.Debug|Any CPU.ActiveCfg = Debug|Any CPU
		{632F0D1C-18FD-4B5B-8C02-A2192AE67C2B}.Debug|Any CPU.Build.0 = Debug|Any CPU
		{632F0D1C-18FD-4B5B-8C02-A2192AE67C2B}.Release|Any CPU.ActiveCfg = Release|Any CPU
		{632F0D1C-18FD-4B5B-8C02-A2192AE67C2B}.Release|Any CPU.Build.0 = Release|Any CPU
		{603BD5DB-F71D-4F12-A23D-63D864597AB8}.Debug|Any CPU.ActiveCfg = Debug|Any CPU
		{603BD5DB-F71D-4F12-A23D-63D864597AB8}.Debug|Any CPU.Build.0 = Debug|Any CPU
		{603BD5DB-F71D-4F12-A23D-63D864597AB8}.Release|Any CPU.ActiveCfg = Release|Any CPU
		{603BD5DB-F71D-4F12-A23D-63D864597AB8}.Release|Any CPU.Build.0 = Release|Any CPU
		{F7E91DCE-08EB-4433-92DB-227D6898D82D}.Debug|Any CPU.ActiveCfg = Debug|Any CPU
		{F7E91DCE-08EB-4433-92DB-227D6898D82D}.Debug|Any CPU.Build.0 = Debug|Any CPU
		{F7E91DCE-08EB-4433-92DB-227D6898D82D}.Release|Any CPU.ActiveCfg = Release|Any CPU
		{F7E91DCE-08EB-4433-92DB-227D6898D82D}.Release|Any CPU.Build.0 = Release|Any CPU
		{436BBBC8-E370-41A8-A382-0872277CEEEA}.Debug|Any CPU.ActiveCfg = Debug|Any CPU
		{436BBBC8-E370-41A8-A382-0872277CEEEA}.Debug|Any CPU.Build.0 = Debug|Any CPU
		{436BBBC8-E370-41A8-A382-0872277CEEEA}.Release|Any CPU.ActiveCfg = Release|Any CPU
		{436BBBC8-E370-41A8-A382-0872277CEEEA}.Release|Any CPU.Build.0 = Release|Any CPU
	EndGlobalSection
	GlobalSection(SolutionProperties) = preSolution
		HideSolutionNode = FALSE
	EndGlobalSection
	GlobalSection(NestedProjects) = preSolution
		{7D69F4A2-CCE4-4612-A398-6778C522AFA8} = {707E5F29-FEB2-46A5-99B8-A596989EF465}
		{3B04658F-2715-48EB-96B3-0A9D7328EF9A} = {707E5F29-FEB2-46A5-99B8-A596989EF465}
		{632F0D1C-18FD-4B5B-8C02-A2192AE67C2B} = {707E5F29-FEB2-46A5-99B8-A596989EF465}
		{603BD5DB-F71D-4F12-A23D-63D864597AB8} = {6372418C-2AF9-4B12-8E00-4E9687A5160C}
		{F7E91DCE-08EB-4433-92DB-227D6898D82D} = {6372418C-2AF9-4B12-8E00-4E9687A5160C}
		{436BBBC8-E370-41A8-A382-0872277CEEEA} = {6372418C-2AF9-4B12-8E00-4E9687A5160C}
	EndGlobalSection
	GlobalSection(ExtensibilityGlobals) = postSolution
		SolutionGuid = {37D24C93-6E10-419A-8484-E7250B6E275F}
	EndGlobalSection
EndGlobal
