
Microsoft Visual Studio Solution File, Format Version 12.00
# Visual Studio Version 17
VisualStudioVersion = 17.2.32616.157
MinimumVisualStudioVersion = 10.0.40219.1
Project("{9A19103F-16F7-4668-BE54-9A1E7A4F7556}") = "Blazor-E-Commerce", "Blazor-E-Commerce\Blazor-E-Commerce.csproj", "{1777B4F6-0203-4A15-97E1-F5A6A2E05630}"
EndProject
Project("{9A19103F-16F7-4668-BE54-9A1E7A4F7556}") = "Blazor-E-Commerce.CoreBusiness", "Blazor-E-Commerce.CoreBusiness\Blazor-E-Commerce.CoreBusiness.csproj", "{EFF2CF75-0345-49CE-8CEF-3DFC188E053D}"
EndProject
Project("{9A19103F-16F7-4668-BE54-9A1E7A4F7556}") = "Blazor-E-Commerce.UseCases", "Blazor-E-Commerce.UseCases\Blazor-E-Commerce.UseCases.csproj", "{57CBDF1E-F028-4F2C-BB8E-3B6322D45A76}"
EndProject
Project("{2150E333-8FDC-42A3-9474-1A3956D46DE8}") = "Blazor-E-Commerce.Web.Modules", "Blazor-E-Commerce.Web.Modules", "{707E5F29-FEB2-46A5-99B8-A596989EF465}"
EndProject
Project("{2150E333-8FDC-42A3-9474-1A3956D46DE8}") = "Plugins", "Plugins", "{6372418C-2AF9-4B12-8E00-4E9687A5160C}"
EndProject
Project("{9A19103F-16F7-4668-BE54-9A1E7A4F7556}") = "Blazor_E_Commerce.DataStore.HardCoded", "Plugins\Blazor_E_Commerce.DataStore.HardCoded\Blazor_E_Commerce.DataStore.HardCoded.csproj", "{603BD5DB-F71D-4F12-A23D-63D864597AB8}"
EndProject
Project("{9A19103F-16F7-4668-BE54-9A1E7A4F7556}") = "Blazor_E_Commerce.ShoppingCard.LocalStorage", "Plugins\Blazor_E_Commerce.ShoppingCard.LocalStorage\Blazor_E_Commerce.ShoppingCard.LocalStorage.csproj", "{F7E91DCE-08EB-4433-92DB-227D6898D82D}"
EndProject
Project("{9A19103F-16F7-4668-BE54-9A1E7A4F7556}") = "Blazor-E-Commerce.StateStore.DI", "Plugins\Blazor-E-Commerce.StateStore.DI\Blazor-E-Commerce.StateStore.DI.csproj", "{29F233E0-96B8-4912-8786-1D7B5B124A90}"
EndProject
Project("{9A19103F-16F7-4668-BE54-9A1E7A4F7556}") = "Blazor_E_Commerce.Web.Common", "Blazor_E_Commerce.Web.Common\Blazor_E_Commerce.Web.Common.csproj", "{0F2F5D8D-0330-4F8B-B71B-46CA64C3E3C2}"
EndProject
Project("{9A19103F-16F7-4668-BE54-9A1E7A4F7556}") = "Blazor-E-Commerce.Web.CustomerPortal", "Blazor-E-Commerce.Web.CustomerPortal\Blazor-E-Commerce.Web.CustomerPortal.csproj", "{BEDB90D7-093B-4BF1-9438-1AB3E0072AEE}"
EndProject
Project("{FAE04EC0-301F-11D3-BF4B-00C04F79EFBC}") = "Blazor_E_Commerce.Web.AdminPortal", "Blazor_E_Commerce.Web.AdminPortal\Blazor_E_Commerce.Web.AdminPortal.csproj", "{EF98D2F3-7C50-467B-B3ED-61AFDF919B4D}"
EndProject
Global
	GlobalSection(SolutionConfigurationPlatforms) = preSolution
		Debug|Any CPU = Debug|Any CPU
		Release|Any CPU = Release|Any CPU
	EndGlobalSection
	GlobalSection(ProjectConfigurationPlatforms) = postSolution
		{1777B4F6-0203-4A15-97E1-F5A6A2E05630}.Debug|Any CPU.ActiveCfg = Debug|Any CPU
		{1777B4F6-0203-4A15-97E1-F5A6A2E05630}.Debug|Any CPU.Build.0 = Debug|Any CPU
		{1777B4F6-0203-4A15-97E1-F5A6A2E05630}.Release|Any CPU.ActiveCfg = Release|Any CPU
		{1777B4F6-0203-4A15-97E1-F5A6A2E05630}.Release|Any CPU.Build.0 = Release|Any CPU
		{EFF2CF75-0345-49CE-8CEF-3DFC188E053D}.Debug|Any CPU.ActiveCfg = Debug|Any CPU
		{EFF2CF75-0345-49CE-8CEF-3DFC188E053D}.Debug|Any CPU.Build.0 = Debug|Any CPU
		{EFF2CF75-0345-49CE-8CEF-3DFC188E053D}.Release|Any CPU.ActiveCfg = Release|Any CPU
		{EFF2CF75-0345-49CE-8CEF-3DFC188E053D}.Release|Any CPU.Build.0 = Release|Any CPU
		{57CBDF1E-F028-4F2C-BB8E-3B6322D45A76}.Debug|Any CPU.ActiveCfg = Debug|Any CPU
		{57CBDF1E-F028-4F2C-BB8E-3B6322D45A76}.Debug|Any CPU.Build.0 = Debug|Any CPU
		{57CBDF1E-F028-4F2C-BB8E-3B6322D45A76}.Release|Any CPU.ActiveCfg = Release|Any CPU
		{57CBDF1E-F028-4F2C-BB8E-3B6322D45A76}.Release|Any CPU.Build.0 = Release|Any CPU
		{603BD5DB-F71D-4F12-A23D-63D864597AB8}.Debug|Any CPU.ActiveCfg = Debug|Any CPU
		{603BD5DB-F71D-4F12-A23D-63D864597AB8}.Debug|Any CPU.Build.0 = Debug|Any CPU
		{603BD5DB-F71D-4F12-A23D-63D864597AB8}.Release|Any CPU.ActiveCfg = Release|Any CPU
		{603BD5DB-F71D-4F12-A23D-63D864597AB8}.Release|Any CPU.Build.0 = Release|Any CPU
		{F7E91DCE-08EB-4433-92DB-227D6898D82D}.Debug|Any CPU.ActiveCfg = Debug|Any CPU
		{F7E91DCE-08EB-4433-92DB-227D6898D82D}.Debug|Any CPU.Build.0 = Debug|Any CPU
		{F7E91DCE-08EB-4433-92DB-227D6898D82D}.Release|Any CPU.ActiveCfg = Release|Any CPU
		{F7E91DCE-08EB-4433-92DB-227D6898D82D}.Release|Any CPU.Build.0 = Release|Any CPU
		{29F233E0-96B8-4912-8786-1D7B5B124A90}.Debug|Any CPU.ActiveCfg = Debug|Any CPU
		{29F233E0-96B8-4912-8786-1D7B5B124A90}.Debug|Any CPU.Build.0 = Debug|Any CPU
		{29F233E0-96B8-4912-8786-1D7B5B124A90}.Release|Any CPU.ActiveCfg = Release|Any CPU
		{29F233E0-96B8-4912-8786-1D7B5B124A90}.Release|Any CPU.Build.0 = Release|Any CPU
		{0F2F5D8D-0330-4F8B-B71B-46CA64C3E3C2}.Debug|Any CPU.ActiveCfg = Debug|Any CPU
		{0F2F5D8D-0330-4F8B-B71B-46CA64C3E3C2}.Debug|Any CPU.Build.0 = Debug|Any CPU
		{0F2F5D8D-0330-4F8B-B71B-46CA64C3E3C2}.Release|Any CPU.ActiveCfg = Release|Any CPU
		{0F2F5D8D-0330-4F8B-B71B-46CA64C3E3C2}.Release|Any CPU.Build.0 = Release|Any CPU
		{BEDB90D7-093B-4BF1-9438-1AB3E0072AEE}.Debug|Any CPU.ActiveCfg = Debug|Any CPU
		{BEDB90D7-093B-4BF1-9438-1AB3E0072AEE}.Debug|Any CPU.Build.0 = Debug|Any CPU
		{BEDB90D7-093B-4BF1-9438-1AB3E0072AEE}.Release|Any CPU.ActiveCfg = Release|Any CPU
		{BEDB90D7-093B-4BF1-9438-1AB3E0072AEE}.Release|Any CPU.Build.0 = Release|Any CPU
		{EF98D2F3-7C50-467B-B3ED-61AFDF919B4D}.Debug|Any CPU.ActiveCfg = Debug|Any CPU
		{EF98D2F3-7C50-467B-B3ED-61AFDF919B4D}.Debug|Any CPU.Build.0 = Debug|Any CPU
		{EF98D2F3-7C50-467B-B3ED-61AFDF919B4D}.Release|Any CPU.ActiveCfg = Release|Any CPU
		{EF98D2F3-7C50-467B-B3ED-61AFDF919B4D}.Release|Any CPU.Build.0 = Release|Any CPU
	EndGlobalSection
	GlobalSection(SolutionProperties) = preSolution
		HideSolutionNode = FALSE
	EndGlobalSection
	GlobalSection(NestedProjects) = preSolution
		{603BD5DB-F71D-4F12-A23D-63D864597AB8} = {6372418C-2AF9-4B12-8E00-4E9687A5160C}
		{F7E91DCE-08EB-4433-92DB-227D6898D82D} = {6372418C-2AF9-4B12-8E00-4E9687A5160C}
		{29F233E0-96B8-4912-8786-1D7B5B124A90} = {6372418C-2AF9-4B12-8E00-4E9687A5160C}
		{0F2F5D8D-0330-4F8B-B71B-46CA64C3E3C2} = {707E5F29-FEB2-46A5-99B8-A596989EF465}
		{BEDB90D7-093B-4BF1-9438-1AB3E0072AEE} = {707E5F29-FEB2-46A5-99B8-A596989EF465}
		{EF98D2F3-7C50-467B-B3ED-61AFDF919B4D} = {707E5F29-FEB2-46A5-99B8-A596989EF465}
	EndGlobalSection
	GlobalSection(ExtensibilityGlobals) = postSolution
		SolutionGuid = {37D24C93-6E10-419A-8484-E7250B6E275F}
	EndGlobalSection
EndGlobal
